
Microsoft Visual Studio Solution File, Format Version 12.00
# Visual Studio Version 16
VisualStudioVersion = 16.0.29326.143
MinimumVisualStudioVersion = 10.0.40219.1
Project("{FAE04EC0-301F-11D3-BF4B-00C04F79EFBC}") = "GenericEmployeeAssignment", "GenericEmployeeAssignment\GenericEmployeeAssignment.csproj", "{ED51D370-81AE-4655-BBAD-FEC74E22B1CB}"
EndProject
Global
	GlobalSection(SolutionConfigurationPlatforms) = preSolution
		Debug|Any CPU = Debug|Any CPU
		Release|Any CPU = Release|Any CPU
	EndGlobalSection
	GlobalSection(ProjectConfigurationPlatforms) = postSolution
		{ED51D370-81AE-4655-BBAD-FEC74E22B1CB}.Debug|Any CPU.ActiveCfg = Debug|Any CPU
		{ED51D370-81AE-4655-BBAD-FEC74E22B1CB}.Debug|Any CPU.Build.0 = Debug|Any CPU
		{ED51D370-81AE-4655-BBAD-FEC74E22B1CB}.Release|Any CPU.ActiveCfg = Release|Any CPU
		{ED51D370-81AE-4655-BBAD-FEC74E22B1CB}.Release|Any CPU.Build.0 = Release|Any CPU
	EndGlobalSection
	GlobalSection(SolutionProperties) = preSolution
		HideSolutionNode = FALSE
	EndGlobalSection
	GlobalSection(ExtensibilityGlobals) = postSolution
		SolutionGuid = {113E3B82-CB4D-4B4D-8B6E-FE57A3AE0FF0}
	EndGlobalSection
EndGlobal
